// !$*UTF8*$!
{
	archiveVersion = 1;
	classes = {
	};
	objectVersion = 48;
	objects = {

/* Begin PBXBuildFile section */
		09BC05D4204CD88800D36BB7 /* AppDelegate.m in Sources */ = {isa = PBXBuildFile; fileRef = 09BC05D3204CD88800D36BB7 /* AppDelegate.m */; };
		09BC05D7204CD88800D36BB7 /* ViewController.m in Sources */ = {isa = PBXBuildFile; fileRef = 09BC05D6204CD88800D36BB7 /* ViewController.m */; };
		09BC05DA204CD88800D36BB7 /* Main.storyboard in Resources */ = {isa = PBXBuildFile; fileRef = 09BC05D8204CD88800D36BB7 /* Main.storyboard */; };
		09BC05DC204CD88800D36BB7 /* Assets.xcassets in Resources */ = {isa = PBXBuildFile; fileRef = 09BC05DB204CD88800D36BB7 /* Assets.xcassets */; };
		09BC05DF204CD88800D36BB7 /* LaunchScreen.storyboard in Resources */ = {isa = PBXBuildFile; fileRef = 09BC05DD204CD88800D36BB7 /* LaunchScreen.storyboard */; };
		09BC05E2204CD88800D36BB7 /* main.m in Sources */ = {isa = PBXBuildFile; fileRef = 09BC05E1204CD88800D36BB7 /* main.m */; };
		09D41ED0204D56C6009B1326 /* NSString+isoEncoding.m in Sources */ = {isa = PBXBuildFile; fileRef = 09D41E9E204D56C6009B1326 /* NSString+isoEncoding.m */; };
		09D41ED1204D56C6009B1326 /* NSTimer+Addition.m in Sources */ = {isa = PBXBuildFile; fileRef = 09D41EA0204D56C6009B1326 /* NSTimer+Addition.m */; };
		09D41ED2204D56C6009B1326 /* UIColor+HXY.m in Sources */ = {isa = PBXBuildFile; fileRef = 09D41EA2204D56C6009B1326 /* UIColor+HXY.m */; };
		09D41ED3204D56C6009B1326 /* UIImage+LYZ.m in Sources */ = {isa = PBXBuildFile; fileRef = 09D41EA4204D56C6009B1326 /* UIImage+LYZ.m */; };
		09D41ED4204D56C6009B1326 /* UILabel+LYZ.m in Sources */ = {isa = PBXBuildFile; fileRef = 09D41EA6204D56C6009B1326 /* UILabel+LYZ.m */; };
		09D41ED5204D56C6009B1326 /* UIView+Extension.m in Sources */ = {isa = PBXBuildFile; fileRef = 09D41EA8204D56C6009B1326 /* UIView+Extension.m */; };
		09D41ED6204D56C6009B1326 /* SetupTools.m in Sources */ = {isa = PBXBuildFile; fileRef = 09D41EAB204D56C6009B1326 /* SetupTools.m */; };
		09D41ED7204D56C6009B1326 /* MBProgressHUD+NHAdd.m in Sources */ = {isa = PBXBuildFile; fileRef = 09D41EAF204D56C6009B1326 /* MBProgressHUD+NHAdd.m */; };
		09D41ED8204D56C6009B1326 /* LanchModel.m in Sources */ = {isa = PBXBuildFile; fileRef = 09D41EB4204D56C6009B1326 /* LanchModel.m */; };
		09D41ED9204D56C6009B1326 /* LanchViewManger.m in Sources */ = {isa = PBXBuildFile; fileRef = 09D41EB7204D56C6009B1326 /* LanchViewManger.m */; };
		09D41EDA204D56C6009B1326 /* LaunchView.m in Sources */ = {isa = PBXBuildFile; fileRef = 09D41EB9204D56C6009B1326 /* LaunchView.m */; };
		09D41EDB204D56C6009B1326 /* customNaviController.m in Sources */ = {isa = PBXBuildFile; fileRef = 09D41EBC204D56C6009B1326 /* customNaviController.m */; };
		09D41EDC204D56C6009B1326 /* NewFeatureViewController.m in Sources */ = {isa = PBXBuildFile; fileRef = 09D41EBF204D56C6009B1326 /* NewFeatureViewController.m */; };
		09D41EDD204D56C6009B1326 /* RootViewController.m in Sources */ = {isa = PBXBuildFile; fileRef = 09D41EC4204D56C6009B1326 /* RootViewController.m */; };
		09D41EDE204D56C6009B1326 /* customTabbar.m in Sources */ = {isa = PBXBuildFile; fileRef = 09D41EC7204D56C6009B1326 /* customTabbar.m */; };
		09D41EDF204D56C6009B1326 /* PlusButton.m in Sources */ = {isa = PBXBuildFile; fileRef = 09D41EC9204D56C6009B1326 /* PlusButton.m */; };
		09D41EE0204D56C6009B1326 /* systemTabbar.m in Sources */ = {isa = PBXBuildFile; fileRef = 09D41ECB204D56C6009B1326 /* systemTabbar.m */; };
		09D41EE1204D56C6009B1326 /* tabbarBadgeButton.m in Sources */ = {isa = PBXBuildFile; fileRef = 09D41ECD204D56C6009B1326 /* tabbarBadgeButton.m */; };
		09D41EE2204D56C6009B1326 /* tabbarButton.m in Sources */ = {isa = PBXBuildFile; fileRef = 09D41ECF204D56C6009B1326 /* tabbarButton.m */; };
		09D41EE9204D58E5009B1326 /* UIColor+HLY.m in Sources */ = {isa = PBXBuildFile; fileRef = 09D41EE8204D58E5009B1326 /* UIColor+HLY.m */; };
		09D41F00204D5A13009B1326 /* HomeViewController.m in Sources */ = {isa = PBXBuildFile; fileRef = 09D41EFF204D5A13009B1326 /* HomeViewController.m */; };
		09D41F03204D5A22009B1326 /* HouseViewController.m in Sources */ = {isa = PBXBuildFile; fileRef = 09D41F02204D5A22009B1326 /* HouseViewController.m */; };
		09D41F06204D5A30009B1326 /* ProfileViewController.m in Sources */ = {isa = PBXBuildFile; fileRef = 09D41F05204D5A30009B1326 /* ProfileViewController.m */; };
		09D41F09204D5A3D009B1326 /* WuYeViewController.m in Sources */ = {isa = PBXBuildFile; fileRef = 09D41F08204D5A3D009B1326 /* WuYeViewController.m */; };
		09D41F0C204D5A4B009B1326 /* FavoriteViewController.m in Sources */ = {isa = PBXBuildFile; fileRef = 09D41F0B204D5A4B009B1326 /* FavoriteViewController.m */; };
		09D41F0F204D5C33009B1326 /* GlobalTools.m in Sources */ = {isa = PBXBuildFile; fileRef = 09D41F0D204D5C33009B1326 /* GlobalTools.m */; };
		09D41F17204D5C85009B1326 /* LoginViewController.m in Sources */ = {isa = PBXBuildFile; fileRef = 09D41F16204D5C85009B1326 /* LoginViewController.m */; };
		A198214CE20FF0925DE89AAF /* libPods-SuperHomeDemo.a in Frameworks */ = {isa = PBXBuildFile; fileRef = 43A73765A399F3233A79792B /* libPods-SuperHomeDemo.a */; };
/* End PBXBuildFile section */

/* Begin PBXFileReference section */
		09BC05CF204CD88800D36BB7 /* SuperHomeDemo.app */ = {isa = PBXFileReference; explicitFileType = wrapper.application; includeInIndex = 0; path = SuperHomeDemo.app; sourceTree = BUILT_PRODUCTS_DIR; };
		09BC05D2204CD88800D36BB7 /* AppDelegate.h */ = {isa = PBXFileReference; lastKnownFileType = sourcecode.c.h; path = AppDelegate.h; sourceTree = "<group>"; };
		09BC05D3204CD88800D36BB7 /* AppDelegate.m */ = {isa = PBXFileReference; lastKnownFileType = sourcecode.c.objc; path = AppDelegate.m; sourceTree = "<group>"; };
		09BC05D5204CD88800D36BB7 /* ViewController.h */ = {isa = PBXFileReference; lastKnownFileType = sourcecode.c.h; path = ViewController.h; sourceTree = "<group>"; };
		09BC05D6204CD88800D36BB7 /* ViewController.m */ = {isa = PBXFileReference; lastKnownFileType = sourcecode.c.objc; path = ViewController.m; sourceTree = "<group>"; };
		09BC05D9204CD88800D36BB7 /* Base */ = {isa = PBXFileReference; lastKnownFileType = file.storyboard; name = Base; path = Base.lproj/Main.storyboard; sourceTree = "<group>"; };
		09BC05DB204CD88800D36BB7 /* Assets.xcassets */ = {isa = PBXFileReference; lastKnownFileType = folder.assetcatalog; path = Assets.xcassets; sourceTree = "<group>"; };
		09BC05DE204CD88800D36BB7 /* Base */ = {isa = PBXFileReference; lastKnownFileType = file.storyboard; name = Base; path = Base.lproj/LaunchScreen.storyboard; sourceTree = "<group>"; };
		09BC05E0204CD88800D36BB7 /* Info.plist */ = {isa = PBXFileReference; lastKnownFileType = text.plist.xml; path = Info.plist; sourceTree = "<group>"; };
		09BC05E1204CD88800D36BB7 /* main.m */ = {isa = PBXFileReference; lastKnownFileType = sourcecode.c.objc; path = main.m; sourceTree = "<group>"; };
		09BC0604204CDF9E00D36BB7 /* SuperHome.pch */ = {isa = PBXFileReference; lastKnownFileType = sourcecode.c.h; path = SuperHome.pch; sourceTree = "<group>"; };
		09D41E9D204D56C6009B1326 /* NSString+isoEncoding.h */ = {isa = PBXFileReference; fileEncoding = 4; lastKnownFileType = sourcecode.c.h; path = "NSString+isoEncoding.h"; sourceTree = "<group>"; };
		09D41E9E204D56C6009B1326 /* NSString+isoEncoding.m */ = {isa = PBXFileReference; fileEncoding = 4; lastKnownFileType = sourcecode.c.objc; path = "NSString+isoEncoding.m"; sourceTree = "<group>"; };
		09D41E9F204D56C6009B1326 /* NSTimer+Addition.h */ = {isa = PBXFileReference; fileEncoding = 4; lastKnownFileType = sourcecode.c.h; path = "NSTimer+Addition.h"; sourceTree = "<group>"; };
		09D41EA0204D56C6009B1326 /* NSTimer+Addition.m */ = {isa = PBXFileReference; fileEncoding = 4; lastKnownFileType = sourcecode.c.objc; path = "NSTimer+Addition.m"; sourceTree = "<group>"; };
		09D41EA1204D56C6009B1326 /* UIColor+HXY.h */ = {isa = PBXFileReference; fileEncoding = 4; lastKnownFileType = sourcecode.c.h; path = "UIColor+HXY.h"; sourceTree = "<group>"; };
		09D41EA2204D56C6009B1326 /* UIColor+HXY.m */ = {isa = PBXFileReference; fileEncoding = 4; lastKnownFileType = sourcecode.c.objc; path = "UIColor+HXY.m"; sourceTree = "<group>"; };
		09D41EA3204D56C6009B1326 /* UIImage+LYZ.h */ = {isa = PBXFileReference; fileEncoding = 4; lastKnownFileType = sourcecode.c.h; path = "UIImage+LYZ.h"; sourceTree = "<group>"; };
		09D41EA4204D56C6009B1326 /* UIImage+LYZ.m */ = {isa = PBXFileReference; fileEncoding = 4; lastKnownFileType = sourcecode.c.objc; path = "UIImage+LYZ.m"; sourceTree = "<group>"; };
		09D41EA5204D56C6009B1326 /* UILabel+LYZ.h */ = {isa = PBXFileReference; fileEncoding = 4; lastKnownFileType = sourcecode.c.h; path = "UILabel+LYZ.h"; sourceTree = "<group>"; };
		09D41EA6204D56C6009B1326 /* UILabel+LYZ.m */ = {isa = PBXFileReference; fileEncoding = 4; lastKnownFileType = sourcecode.c.objc; path = "UILabel+LYZ.m"; sourceTree = "<group>"; };
		09D41EA7204D56C6009B1326 /* UIView+Extension.h */ = {isa = PBXFileReference; fileEncoding = 4; lastKnownFileType = sourcecode.c.h; path = "UIView+Extension.h"; sourceTree = "<group>"; };
		09D41EA8204D56C6009B1326 /* UIView+Extension.m */ = {isa = PBXFileReference; fileEncoding = 4; lastKnownFileType = sourcecode.c.objc; path = "UIView+Extension.m"; sourceTree = "<group>"; };
		09D41EAA204D56C6009B1326 /* SetupTools.h */ = {isa = PBXFileReference; fileEncoding = 4; lastKnownFileType = sourcecode.c.h; path = SetupTools.h; sourceTree = "<group>"; };
		09D41EAB204D56C6009B1326 /* SetupTools.m */ = {isa = PBXFileReference; fileEncoding = 4; lastKnownFileType = sourcecode.c.objc; path = SetupTools.m; sourceTree = "<group>"; };
		09D41EAE204D56C6009B1326 /* MBProgressHUD+NHAdd.h */ = {isa = PBXFileReference; fileEncoding = 4; lastKnownFileType = sourcecode.c.h; path = "MBProgressHUD+NHAdd.h"; sourceTree = "<group>"; };
		09D41EAF204D56C6009B1326 /* MBProgressHUD+NHAdd.m */ = {isa = PBXFileReference; fileEncoding = 4; lastKnownFileType = sourcecode.c.objc; path = "MBProgressHUD+NHAdd.m"; sourceTree = "<group>"; };
		09D41EB0204D56C6009B1326 /* MBProgressHUD_NHExtend.h */ = {isa = PBXFileReference; fileEncoding = 4; lastKnownFileType = sourcecode.c.h; path = MBProgressHUD_NHExtend.h; sourceTree = "<group>"; };
		09D41EB3204D56C6009B1326 /* LanchModel.h */ = {isa = PBXFileReference; fileEncoding = 4; lastKnownFileType = sourcecode.c.h; path = LanchModel.h; sourceTree = "<group>"; };
		09D41EB4204D56C6009B1326 /* LanchModel.m */ = {isa = PBXFileReference; fileEncoding = 4; lastKnownFileType = sourcecode.c.objc; path = LanchModel.m; sourceTree = "<group>"; };
		09D41EB6204D56C6009B1326 /* LanchViewManger.h */ = {isa = PBXFileReference; fileEncoding = 4; lastKnownFileType = sourcecode.c.h; path = LanchViewManger.h; sourceTree = "<group>"; };
		09D41EB7204D56C6009B1326 /* LanchViewManger.m */ = {isa = PBXFileReference; fileEncoding = 4; lastKnownFileType = sourcecode.c.objc; path = LanchViewManger.m; sourceTree = "<group>"; };
		09D41EB8204D56C6009B1326 /* LaunchView.h */ = {isa = PBXFileReference; fileEncoding = 4; lastKnownFileType = sourcecode.c.h; path = LaunchView.h; sourceTree = "<group>"; };
		09D41EB9204D56C6009B1326 /* LaunchView.m */ = {isa = PBXFileReference; fileEncoding = 4; lastKnownFileType = sourcecode.c.objc; path = LaunchView.m; sourceTree = "<group>"; };
		09D41EBB204D56C6009B1326 /* customNaviController.h */ = {isa = PBXFileReference; fileEncoding = 4; lastKnownFileType = sourcecode.c.h; path = customNaviController.h; sourceTree = "<group>"; };
		09D41EBC204D56C6009B1326 /* customNaviController.m */ = {isa = PBXFileReference; fileEncoding = 4; lastKnownFileType = sourcecode.c.objc; path = customNaviController.m; sourceTree = "<group>"; };
		09D41EBE204D56C6009B1326 /* NewFeatureViewController.h */ = {isa = PBXFileReference; fileEncoding = 4; lastKnownFileType = sourcecode.c.h; path = NewFeatureViewController.h; sourceTree = "<group>"; };
		09D41EBF204D56C6009B1326 /* NewFeatureViewController.m */ = {isa = PBXFileReference; fileEncoding = 4; lastKnownFileType = sourcecode.c.objc; path = NewFeatureViewController.m; sourceTree = "<group>"; };
		09D41EC1204D56C6009B1326 /* TabbarAndNavBarHeaderFile.h */ = {isa = PBXFileReference; fileEncoding = 4; lastKnownFileType = sourcecode.c.h; path = TabbarAndNavBarHeaderFile.h; sourceTree = "<group>"; };
		09D41EC3204D56C6009B1326 /* RootViewController.h */ = {isa = PBXFileReference; fileEncoding = 4; lastKnownFileType = sourcecode.c.h; path = RootViewController.h; sourceTree = "<group>"; };
		09D41EC4204D56C6009B1326 /* RootViewController.m */ = {isa = PBXFileReference; fileEncoding = 4; lastKnownFileType = sourcecode.c.objc; path = RootViewController.m; sourceTree = "<group>"; };
		09D41EC6204D56C6009B1326 /* customTabbar.h */ = {isa = PBXFileReference; fileEncoding = 4; lastKnownFileType = sourcecode.c.h; path = customTabbar.h; sourceTree = "<group>"; };
		09D41EC7204D56C6009B1326 /* customTabbar.m */ = {isa = PBXFileReference; fileEncoding = 4; lastKnownFileType = sourcecode.c.objc; path = customTabbar.m; sourceTree = "<group>"; };
		09D41EC8204D56C6009B1326 /* PlusButton.h */ = {isa = PBXFileReference; fileEncoding = 4; lastKnownFileType = sourcecode.c.h; path = PlusButton.h; sourceTree = "<group>"; };
		09D41EC9204D56C6009B1326 /* PlusButton.m */ = {isa = PBXFileReference; fileEncoding = 4; lastKnownFileType = sourcecode.c.objc; path = PlusButton.m; sourceTree = "<group>"; };
		09D41ECA204D56C6009B1326 /* systemTabbar.h */ = {isa = PBXFileReference; fileEncoding = 4; lastKnownFileType = sourcecode.c.h; path = systemTabbar.h; sourceTree = "<group>"; };
		09D41ECB204D56C6009B1326 /* systemTabbar.m */ = {isa = PBXFileReference; fileEncoding = 4; lastKnownFileType = sourcecode.c.objc; path = systemTabbar.m; sourceTree = "<group>"; };
		09D41ECC204D56C6009B1326 /* tabbarBadgeButton.h */ = {isa = PBXFileReference; fileEncoding = 4; lastKnownFileType = sourcecode.c.h; path = tabbarBadgeButton.h; sourceTree = "<group>"; };
		09D41ECD204D56C6009B1326 /* tabbarBadgeButton.m */ = {isa = PBXFileReference; fileEncoding = 4; lastKnownFileType = sourcecode.c.objc; path = tabbarBadgeButton.m; sourceTree = "<group>"; };
		09D41ECE204D56C6009B1326 /* tabbarButton.h */ = {isa = PBXFileReference; fileEncoding = 4; lastKnownFileType = sourcecode.c.h; path = tabbarButton.h; sourceTree = "<group>"; };
		09D41ECF204D56C6009B1326 /* tabbarButton.m */ = {isa = PBXFileReference; fileEncoding = 4; lastKnownFileType = sourcecode.c.objc; path = tabbarButton.m; sourceTree = "<group>"; };
		09D41EE3204D5749009B1326 /* ConfigHeader.h */ = {isa = PBXFileReference; lastKnownFileType = sourcecode.c.h; path = ConfigHeader.h; sourceTree = "<group>"; };
		09D41EE4204D57DD009B1326 /* CommonDataHeader.h */ = {isa = PBXFileReference; lastKnownFileType = sourcecode.c.h; path = CommonDataHeader.h; sourceTree = "<group>"; };
		09D41EE7204D58E5009B1326 /* UIColor+HLY.h */ = {isa = PBXFileReference; lastKnownFileType = sourcecode.c.h; path = "UIColor+HLY.h"; sourceTree = "<group>"; };
		09D41EE8204D58E5009B1326 /* UIColor+HLY.m */ = {isa = PBXFileReference; lastKnownFileType = sourcecode.c.objc; path = "UIColor+HLY.m"; sourceTree = "<group>"; };
		09D41EFE204D5A13009B1326 /* HomeViewController.h */ = {isa = PBXFileReference; lastKnownFileType = sourcecode.c.h; path = HomeViewController.h; sourceTree = "<group>"; };
		09D41EFF204D5A13009B1326 /* HomeViewController.m */ = {isa = PBXFileReference; lastKnownFileType = sourcecode.c.objc; path = HomeViewController.m; sourceTree = "<group>"; };
		09D41F01204D5A22009B1326 /* HouseViewController.h */ = {isa = PBXFileReference; lastKnownFileType = sourcecode.c.h; path = HouseViewController.h; sourceTree = "<group>"; };
		09D41F02204D5A22009B1326 /* HouseViewController.m */ = {isa = PBXFileReference; lastKnownFileType = sourcecode.c.objc; path = HouseViewController.m; sourceTree = "<group>"; };
		09D41F04204D5A30009B1326 /* ProfileViewController.h */ = {isa = PBXFileReference; lastKnownFileType = sourcecode.c.h; path = ProfileViewController.h; sourceTree = "<group>"; };
		09D41F05204D5A30009B1326 /* ProfileViewController.m */ = {isa = PBXFileReference; lastKnownFileType = sourcecode.c.objc; path = ProfileViewController.m; sourceTree = "<group>"; };
		09D41F07204D5A3D009B1326 /* WuYeViewController.h */ = {isa = PBXFileReference; lastKnownFileType = sourcecode.c.h; path = WuYeViewController.h; sourceTree = "<group>"; };
		09D41F08204D5A3D009B1326 /* WuYeViewController.m */ = {isa = PBXFileReference; lastKnownFileType = sourcecode.c.objc; path = WuYeViewController.m; sourceTree = "<group>"; };
		09D41F0A204D5A4B009B1326 /* FavoriteViewController.h */ = {isa = PBXFileReference; lastKnownFileType = sourcecode.c.h; path = FavoriteViewController.h; sourceTree = "<group>"; };
		09D41F0B204D5A4B009B1326 /* FavoriteViewController.m */ = {isa = PBXFileReference; lastKnownFileType = sourcecode.c.objc; path = FavoriteViewController.m; sourceTree = "<group>"; };
		09D41F0D204D5C33009B1326 /* GlobalTools.m */ = {isa = PBXFileReference; fileEncoding = 4; lastKnownFileType = sourcecode.c.objc; path = GlobalTools.m; sourceTree = "<group>"; };
		09D41F0E204D5C33009B1326 /* GlobalTools.h */ = {isa = PBXFileReference; fileEncoding = 4; lastKnownFileType = sourcecode.c.h; path = GlobalTools.h; sourceTree = "<group>"; };
		09D41F15204D5C85009B1326 /* LoginViewController.h */ = {isa = PBXFileReference; lastKnownFileType = sourcecode.c.h; path = LoginViewController.h; sourceTree = "<group>"; };
		09D41F16204D5C85009B1326 /* LoginViewController.m */ = {isa = PBXFileReference; lastKnownFileType = sourcecode.c.objc; path = LoginViewController.m; sourceTree = "<group>"; };
		43A73765A399F3233A79792B /* libPods-SuperHomeDemo.a */ = {isa = PBXFileReference; explicitFileType = archive.ar; includeInIndex = 0; path = "libPods-SuperHomeDemo.a"; sourceTree = BUILT_PRODUCTS_DIR; };
		E3763A605D7C73A5E4136AAF /* Pods-SuperHomeDemo.debug.xcconfig */ = {isa = PBXFileReference; includeInIndex = 1; lastKnownFileType = text.xcconfig; name = "Pods-SuperHomeDemo.debug.xcconfig"; path = "Pods/Target Support Files/Pods-SuperHomeDemo/Pods-SuperHomeDemo.debug.xcconfig"; sourceTree = "<group>"; };
		F81DAF996C5A574F06252790 /* Pods-SuperHomeDemo.release.xcconfig */ = {isa = PBXFileReference; includeInIndex = 1; lastKnownFileType = text.xcconfig; name = "Pods-SuperHomeDemo.release.xcconfig"; path = "Pods/Target Support Files/Pods-SuperHomeDemo/Pods-SuperHomeDemo.release.xcconfig"; sourceTree = "<group>"; };
/* End PBXFileReference section */

/* Begin PBXFrameworksBuildPhase section */
		09BC05CC204CD88800D36BB7 /* Frameworks */ = {
			isa = PBXFrameworksBuildPhase;
			buildActionMask = 2147483647;
			files = (
				A198214CE20FF0925DE89AAF /* libPods-SuperHomeDemo.a in Frameworks */,
			);
			runOnlyForDeploymentPostprocessing = 0;
		};
/* End PBXFrameworksBuildPhase section */

/* Begin PBXGroup section */
		09BC05C6204CD88800D36BB7 = {
			isa = PBXGroup;
			children = (
				09D41EE5204D58B4009B1326 /* Other */,
				09D41E9A204D56BE009B1326 /* ThirdRepository */,
				09BC0609204D06A300D36BB7 /* Tools */,
				09BC05E8204CDEA800D36BB7 /* Class */,
				09BC05D1204CD88800D36BB7 /* SuperHomeDemo */,
				09BC05D0204CD88800D36BB7 /* Products */,
				6A376DDE8585EF44649871E0 /* Pods */,
				C379A8105A3B517553798137 /* Frameworks */,
			);
			sourceTree = "<group>";
		};
		09BC05D0204CD88800D36BB7 /* Products */ = {
			isa = PBXGroup;
			children = (
				09BC05CF204CD88800D36BB7 /* SuperHomeDemo.app */,
			);
			name = Products;
			sourceTree = "<group>";
		};
		09BC05D1204CD88800D36BB7 /* SuperHomeDemo */ = {
			isa = PBXGroup;
			children = (
				09BC05D2204CD88800D36BB7 /* AppDelegate.h */,
				09BC05D3204CD88800D36BB7 /* AppDelegate.m */,
				09BC05D5204CD88800D36BB7 /* ViewController.h */,
				09BC05D6204CD88800D36BB7 /* ViewController.m */,
				09BC05D8204CD88800D36BB7 /* Main.storyboard */,
				09BC05DB204CD88800D36BB7 /* Assets.xcassets */,
				09BC05DD204CD88800D36BB7 /* LaunchScreen.storyboard */,
				09BC05E0204CD88800D36BB7 /* Info.plist */,
				09BC05E1204CD88800D36BB7 /* main.m */,
				09BC0604204CDF9E00D36BB7 /* SuperHome.pch */,
				09D41EE3204D5749009B1326 /* ConfigHeader.h */,
				09D41EE4204D57DD009B1326 /* CommonDataHeader.h */,
			);
			path = SuperHomeDemo;
			sourceTree = "<group>";
		};
		09BC05E8204CDEA800D36BB7 /* Class */ = {
			isa = PBXGroup;
			children = (
				09D41F10204D5C74009B1326 /* Login */,
				09BC05E9204CDEA800D36BB7 /* Favorite */,
				09BC05EE204CDEA800D36BB7 /* Home */,
				09BC05F3204CDEA800D36BB7 /* House */,
				09BC05F8204CDEA800D36BB7 /* Profile */,
				09BC05FD204CDEA800D36BB7 /* Wuye */,
			);
			name = Class;
			path = SuperHomeDemo/Class;
			sourceTree = "<group>";
		};
		09BC05E9204CDEA800D36BB7 /* Favorite */ = {
			isa = PBXGroup;
			children = (
				09D41EEB204D59C8009B1326 /* Controller */,
				09D41EEA204D59C8009B1326 /* Model */,
				09D41EED204D59C8009B1326 /* Other */,
				09D41EEC204D59C8009B1326 /* View */,
			);
			path = Favorite;
			sourceTree = "<group>";
		};
		09BC05EE204CDEA800D36BB7 /* Home */ = {
			isa = PBXGroup;
			children = (
				09D41EEF204D59CE009B1326 /* Controller */,
				09D41EF0204D59CE009B1326 /* Model */,
				09D41EF1204D59CE009B1326 /* Other */,
				09D41EEE204D59CE009B1326 /* View */,
			);
			path = Home;
			sourceTree = "<group>";
		};
		09BC05F3204CDEA800D36BB7 /* House */ = {
			isa = PBXGroup;
			children = (
				09D41EF2204D59D5009B1326 /* Controller */,
				09D41EF4204D59D5009B1326 /* Model */,
				09D41EF5204D59D5009B1326 /* Other */,
				09D41EF3204D59D5009B1326 /* View */,
			);
			path = House;
			sourceTree = "<group>";
		};
		09BC05F8204CDEA800D36BB7 /* Profile */ = {
			isa = PBXGroup;
			children = (
				09D41EF6204D59DD009B1326 /* Controller */,
				09D41EF8204D59DD009B1326 /* Model */,
				09D41EF7204D59DD009B1326 /* Other */,
				09D41EF9204D59DD009B1326 /* View */,
			);
			path = Profile;
			sourceTree = "<group>";
		};
		09BC05FD204CDEA800D36BB7 /* Wuye */ = {
			isa = PBXGroup;
			children = (
				09D41EFA204D59E3009B1326 /* Controller */,
				09D41EFB204D59E3009B1326 /* Model */,
				09D41EFC204D59E3009B1326 /* Other */,
				09D41EFD204D59E3009B1326 /* View */,
			);
			path = Wuye;
			sourceTree = "<group>";
		};
		09BC0609204D06A300D36BB7 /* Tools */ = {
			isa = PBXGroup;
			children = (
			);
			name = Tools;
			path = SuperHomeDemo/Tools;
			sourceTree = "<group>";
		};
		09D41E9A204D56BE009B1326 /* ThirdRepository */ = {
			isa = PBXGroup;
			children = (
				09D41E9B204D56C6009B1326 /* TabbarAndNavigationBar */,
			);
			name = ThirdRepository;
			path = SuperHomeDemo/ThirdRepository;
			sourceTree = "<group>";
		};
		09D41E9B204D56C6009B1326 /* TabbarAndNavigationBar */ = {
			isa = PBXGroup;
			children = (
				09D41E9C204D56C6009B1326 /* category */,
				09D41EA9204D56C6009B1326 /* SetupTools */,
				09D41EAC204D56C6009B1326 /* ViewController */,
			);
			path = TabbarAndNavigationBar;
			sourceTree = "<group>";
		};
		09D41E9C204D56C6009B1326 /* category */ = {
			isa = PBXGroup;
			children = (
				09D41E9D204D56C6009B1326 /* NSString+isoEncoding.h */,
				09D41E9E204D56C6009B1326 /* NSString+isoEncoding.m */,
				09D41E9F204D56C6009B1326 /* NSTimer+Addition.h */,
				09D41EA0204D56C6009B1326 /* NSTimer+Addition.m */,
				09D41EA1204D56C6009B1326 /* UIColor+HXY.h */,
				09D41EA2204D56C6009B1326 /* UIColor+HXY.m */,
				09D41EA3204D56C6009B1326 /* UIImage+LYZ.h */,
				09D41EA4204D56C6009B1326 /* UIImage+LYZ.m */,
				09D41EA5204D56C6009B1326 /* UILabel+LYZ.h */,
				09D41EA6204D56C6009B1326 /* UILabel+LYZ.m */,
				09D41EA7204D56C6009B1326 /* UIView+Extension.h */,
				09D41EA8204D56C6009B1326 /* UIView+Extension.m */,
			);
			path = category;
			sourceTree = "<group>";
		};
		09D41EA9204D56C6009B1326 /* SetupTools */ = {
			isa = PBXGroup;
			children = (
				09D41EAA204D56C6009B1326 /* SetupTools.h */,
				09D41EAB204D56C6009B1326 /* SetupTools.m */,
			);
			path = SetupTools;
			sourceTree = "<group>";
		};
		09D41EAC204D56C6009B1326 /* ViewController */ = {
			isa = PBXGroup;
			children = (
				09D41EAD204D56C6009B1326 /* CustomMBProgressHud */,
				09D41EB1204D56C6009B1326 /* LaunchView */,
				09D41EBA204D56C6009B1326 /* NavigationBar */,
				09D41EBD204D56C6009B1326 /* NewFeature */,
				09D41EC0204D56C6009B1326 /* Other */,
				09D41EC2204D56C6009B1326 /* RootView */,
				09D41EC5204D56C6009B1326 /* Tabbar */,
			);
			path = ViewController;
			sourceTree = "<group>";
		};
		09D41EAD204D56C6009B1326 /* CustomMBProgressHud */ = {
			isa = PBXGroup;
			children = (
				09D41EAE204D56C6009B1326 /* MBProgressHUD+NHAdd.h */,
				09D41EAF204D56C6009B1326 /* MBProgressHUD+NHAdd.m */,
				09D41EB0204D56C6009B1326 /* MBProgressHUD_NHExtend.h */,
			);
			path = CustomMBProgressHud;
			sourceTree = "<group>";
		};
		09D41EB1204D56C6009B1326 /* LaunchView */ = {
			isa = PBXGroup;
			children = (
				09D41EB2204D56C6009B1326 /* Model */,
				09D41EB5204D56C6009B1326 /* View */,
			);
			path = LaunchView;
			sourceTree = "<group>";
		};
		09D41EB2204D56C6009B1326 /* Model */ = {
			isa = PBXGroup;
			children = (
				09D41EB3204D56C6009B1326 /* LanchModel.h */,
				09D41EB4204D56C6009B1326 /* LanchModel.m */,
			);
			path = Model;
			sourceTree = "<group>";
		};
		09D41EB5204D56C6009B1326 /* View */ = {
			isa = PBXGroup;
			children = (
				09D41EB6204D56C6009B1326 /* LanchViewManger.h */,
				09D41EB7204D56C6009B1326 /* LanchViewManger.m */,
				09D41EB8204D56C6009B1326 /* LaunchView.h */,
				09D41EB9204D56C6009B1326 /* LaunchView.m */,
			);
			path = View;
			sourceTree = "<group>";
		};
		09D41EBA204D56C6009B1326 /* NavigationBar */ = {
			isa = PBXGroup;
			children = (
				09D41EBB204D56C6009B1326 /* customNaviController.h */,
				09D41EBC204D56C6009B1326 /* customNaviController.m */,
			);
			path = NavigationBar;
			sourceTree = "<group>";
		};
		09D41EBD204D56C6009B1326 /* NewFeature */ = {
			isa = PBXGroup;
			children = (
				09D41EBE204D56C6009B1326 /* NewFeatureViewController.h */,
				09D41EBF204D56C6009B1326 /* NewFeatureViewController.m */,
			);
			path = NewFeature;
			sourceTree = "<group>";
		};
		09D41EC0204D56C6009B1326 /* Other */ = {
			isa = PBXGroup;
			children = (
				09D41EC1204D56C6009B1326 /* TabbarAndNavBarHeaderFile.h */,
			);
			path = Other;
			sourceTree = "<group>";
		};
		09D41EC2204D56C6009B1326 /* RootView */ = {
			isa = PBXGroup;
			children = (
				09D41EC3204D56C6009B1326 /* RootViewController.h */,
				09D41EC4204D56C6009B1326 /* RootViewController.m */,
			);
			path = RootView;
			sourceTree = "<group>";
		};
		09D41EC5204D56C6009B1326 /* Tabbar */ = {
			isa = PBXGroup;
			children = (
				09D41EC6204D56C6009B1326 /* customTabbar.h */,
				09D41EC7204D56C6009B1326 /* customTabbar.m */,
				09D41EC8204D56C6009B1326 /* PlusButton.h */,
				09D41EC9204D56C6009B1326 /* PlusButton.m */,
				09D41ECA204D56C6009B1326 /* systemTabbar.h */,
				09D41ECB204D56C6009B1326 /* systemTabbar.m */,
				09D41ECC204D56C6009B1326 /* tabbarBadgeButton.h */,
				09D41ECD204D56C6009B1326 /* tabbarBadgeButton.m */,
				09D41ECE204D56C6009B1326 /* tabbarButton.h */,
				09D41ECF204D56C6009B1326 /* tabbarButton.m */,
			);
			path = Tabbar;
			sourceTree = "<group>";
		};
		09D41EE5204D58B4009B1326 /* Other */ = {
			isa = PBXGroup;
			children = (
				09D41F0E204D5C33009B1326 /* GlobalTools.h */,
				09D41F0D204D5C33009B1326 /* GlobalTools.m */,
				09D41EE6204D58B4009B1326 /* Category */,
			);
			name = Other;
			path = SuperHomeDemo/Other;
			sourceTree = "<group>";
		};
		09D41EE6204D58B4009B1326 /* Category */ = {
			isa = PBXGroup;
			children = (
				09D41EE7204D58E5009B1326 /* UIColor+HLY.h */,
				09D41EE8204D58E5009B1326 /* UIColor+HLY.m */,
			);
			path = Category;
			sourceTree = "<group>";
		};
		09D41EEA204D59C8009B1326 /* Model */ = {
			isa = PBXGroup;
			children = (
			);
			path = Model;
			sourceTree = "<group>";
		};
		09D41EEB204D59C8009B1326 /* Controller */ = {
			isa = PBXGroup;
			children = (
				09D41F0A204D5A4B009B1326 /* FavoriteViewController.h */,
				09D41F0B204D5A4B009B1326 /* FavoriteViewController.m */,
			);
			path = Controller;
			sourceTree = "<group>";
		};
		09D41EEC204D59C8009B1326 /* View */ = {
			isa = PBXGroup;
			children = (
			);
			path = View;
			sourceTree = "<group>";
		};
		09D41EED204D59C8009B1326 /* Other */ = {
			isa = PBXGroup;
			children = (
			);
			path = Other;
			sourceTree = "<group>";
		};
		09D41EEE204D59CE009B1326 /* View */ = {
			isa = PBXGroup;
			children = (
			);
			path = View;
			sourceTree = "<group>";
		};
		09D41EEF204D59CE009B1326 /* Controller */ = {
			isa = PBXGroup;
			children = (
				09D41EFE204D5A13009B1326 /* HomeViewController.h */,
				09D41EFF204D5A13009B1326 /* HomeViewController.m */,
			);
			path = Controller;
			sourceTree = "<group>";
		};
		09D41EF0204D59CE009B1326 /* Model */ = {
			isa = PBXGroup;
			children = (
			);
			path = Model;
			sourceTree = "<group>";
		};
		09D41EF1204D59CE009B1326 /* Other */ = {
			isa = PBXGroup;
			children = (
			);
			path = Other;
			sourceTree = "<group>";
		};
		09D41EF2204D59D5009B1326 /* Controller */ = {
			isa = PBXGroup;
			children = (
				09D41F01204D5A22009B1326 /* HouseViewController.h */,
				09D41F02204D5A22009B1326 /* HouseViewController.m */,
			);
			path = Controller;
			sourceTree = "<group>";
		};
		09D41EF3204D59D5009B1326 /* View */ = {
			isa = PBXGroup;
			children = (
			);
			path = View;
			sourceTree = "<group>";
		};
		09D41EF4204D59D5009B1326 /* Model */ = {
			isa = PBXGroup;
			children = (
			);
			path = Model;
			sourceTree = "<group>";
		};
		09D41EF5204D59D5009B1326 /* Other */ = {
			isa = PBXGroup;
			children = (
			);
			path = Other;
			sourceTree = "<group>";
		};
		09D41EF6204D59DD009B1326 /* Controller */ = {
			isa = PBXGroup;
			children = (
				09D41F04204D5A30009B1326 /* ProfileViewController.h */,
				09D41F05204D5A30009B1326 /* ProfileViewController.m */,
			);
			path = Controller;
			sourceTree = "<group>";
		};
		09D41EF7204D59DD009B1326 /* Other */ = {
			isa = PBXGroup;
			children = (
			);
			path = Other;
			sourceTree = "<group>";
		};
		09D41EF8204D59DD009B1326 /* Model */ = {
			isa = PBXGroup;
			children = (
			);
			path = Model;
			sourceTree = "<group>";
		};
		09D41EF9204D59DD009B1326 /* View */ = {
			isa = PBXGroup;
			children = (
			);
			path = View;
			sourceTree = "<group>";
		};
		09D41EFA204D59E3009B1326 /* Controller */ = {
			isa = PBXGroup;
			children = (
				09D41F07204D5A3D009B1326 /* WuYeViewController.h */,
				09D41F08204D5A3D009B1326 /* WuYeViewController.m */,
			);
			path = Controller;
			sourceTree = "<group>";
		};
		09D41EFB204D59E3009B1326 /* Model */ = {
			isa = PBXGroup;
			children = (
			);
			path = Model;
			sourceTree = "<group>";
		};
		09D41EFC204D59E3009B1326 /* Other */ = {
			isa = PBXGroup;
			children = (
			);
			path = Other;
			sourceTree = "<group>";
		};
		09D41EFD204D59E3009B1326 /* View */ = {
			isa = PBXGroup;
			children = (
			);
			path = View;
			sourceTree = "<group>";
		};
		09D41F10204D5C74009B1326 /* Login */ = {
			isa = PBXGroup;
			children = (
				09D41F11204D5C74009B1326 /* Controller */,
				09D41F12204D5C74009B1326 /* Model */,
				09D41F13204D5C74009B1326 /* Other */,
				09D41F14204D5C74009B1326 /* View */,
			);
			path = Login;
			sourceTree = "<group>";
		};
		09D41F11204D5C74009B1326 /* Controller */ = {
			isa = PBXGroup;
			children = (
				09D41F15204D5C85009B1326 /* LoginViewController.h */,
				09D41F16204D5C85009B1326 /* LoginViewController.m */,
			);
			path = Controller;
			sourceTree = "<group>";
		};
		09D41F12204D5C74009B1326 /* Model */ = {
			isa = PBXGroup;
			children = (
			);
			path = Model;
			sourceTree = "<group>";
		};
		09D41F13204D5C74009B1326 /* Other */ = {
			isa = PBXGroup;
			children = (
			);
			path = Other;
			sourceTree = "<group>";
		};
		09D41F14204D5C74009B1326 /* View */ = {
			isa = PBXGroup;
			children = (
			);
			path = View;
			sourceTree = "<group>";
		};
		6A376DDE8585EF44649871E0 /* Pods */ = {
			isa = PBXGroup;
			children = (
				E3763A605D7C73A5E4136AAF /* Pods-SuperHomeDemo.debug.xcconfig */,
				F81DAF996C5A574F06252790 /* Pods-SuperHomeDemo.release.xcconfig */,
			);
			name = Pods;
			sourceTree = "<group>";
		};
		C379A8105A3B517553798137 /* Frameworks */ = {
			isa = PBXGroup;
			children = (
				43A73765A399F3233A79792B /* libPods-SuperHomeDemo.a */,
			);
			name = Frameworks;
			sourceTree = "<group>";
		};
/* End PBXGroup section */

/* Begin PBXNativeTarget section */
		09BC05CE204CD88800D36BB7 /* SuperHomeDemo */ = {
			isa = PBXNativeTarget;
			buildConfigurationList = 09BC05E5204CD88800D36BB7 /* Build configuration list for PBXNativeTarget "SuperHomeDemo" */;
			buildPhases = (
				77FE98C22CA4ED267D0AE7F1 /* [CP] Check Pods Manifest.lock */,
				09BC05CB204CD88800D36BB7 /* Sources */,
				09BC05CC204CD88800D36BB7 /* Frameworks */,
				09BC05CD204CD88800D36BB7 /* Resources */,
				3203F7A6B1BBB6341CCD218D /* [CP] Embed Pods Frameworks */,
				4C68159217809E0400E7DD1A /* [CP] Copy Pods Resources */,
			);
			buildRules = (
			);
			dependencies = (
			);
			name = SuperHomeDemo;
			productName = SuperHomeDemo;
			productReference = 09BC05CF204CD88800D36BB7 /* SuperHomeDemo.app */;
			productType = "com.apple.product-type.application";
		};
/* End PBXNativeTarget section */

/* Begin PBXProject section */
		09BC05C7204CD88800D36BB7 /* Project object */ = {
			isa = PBXProject;
			attributes = {
				LastUpgradeCheck = 0910;
				ORGANIZATIONNAME = "胡小羊";
				TargetAttributes = {
					09BC05CE204CD88800D36BB7 = {
						CreatedOnToolsVersion = 9.1;
						ProvisioningStyle = Automatic;
					};
				};
			};
			buildConfigurationList = 09BC05CA204CD88800D36BB7 /* Build configuration list for PBXProject "SuperHomeDemo" */;
			compatibilityVersion = "Xcode 8.0";
			developmentRegion = en;
			hasScannedForEncodings = 0;
			knownRegions = (
				en,
				Base,
			);
			mainGroup = 09BC05C6204CD88800D36BB7;
			productRefGroup = 09BC05D0204CD88800D36BB7 /* Products */;
			projectDirPath = "";
			projectRoot = "";
			targets = (
				09BC05CE204CD88800D36BB7 /* SuperHomeDemo */,
			);
		};
/* End PBXProject section */

/* Begin PBXResourcesBuildPhase section */
		09BC05CD204CD88800D36BB7 /* Resources */ = {
			isa = PBXResourcesBuildPhase;
			buildActionMask = 2147483647;
			files = (
				09BC05DF204CD88800D36BB7 /* LaunchScreen.storyboard in Resources */,
				09BC05DC204CD88800D36BB7 /* Assets.xcassets in Resources */,
				09BC05DA204CD88800D36BB7 /* Main.storyboard in Resources */,
			);
			runOnlyForDeploymentPostprocessing = 0;
		};
/* End PBXResourcesBuildPhase section */

/* Begin PBXShellScriptBuildPhase section */
		3203F7A6B1BBB6341CCD218D /* [CP] Embed Pods Frameworks */ = {
			isa = PBXShellScriptBuildPhase;
			buildActionMask = 2147483647;
			files = (
			);
			inputPaths = (
			);
			name = "[CP] Embed Pods Frameworks";
			outputPaths = (
			);
			runOnlyForDeploymentPostprocessing = 0;
			shellPath = /bin/sh;
			shellScript = "\"${SRCROOT}/Pods/Target Support Files/Pods-SuperHomeDemo/Pods-SuperHomeDemo-frameworks.sh\"\n";
			showEnvVarsInLog = 0;
		};
		4C68159217809E0400E7DD1A /* [CP] Copy Pods Resources */ = {
			isa = PBXShellScriptBuildPhase;
			buildActionMask = 2147483647;
			files = (
			);
			inputPaths = (
				"${SRCROOT}/Pods/Target Support Files/Pods-SuperHomeDemo/Pods-SuperHomeDemo-resources.sh",
				"${PODS_ROOT}/IQKeyboardManager/IQKeyboardManager/Resources/IQKeyboardManager.bundle",
				"${PODS_ROOT}/MJRefresh/MJRefresh/MJRefresh.bundle",
				"${PODS_ROOT}/MMScan/MMScanner/resource.bundle",
			);
			name = "[CP] Copy Pods Resources";
			outputPaths = (
				"${TARGET_BUILD_DIR}/${UNLOCALIZED_RESOURCES_FOLDER_PATH}",
			);
			runOnlyForDeploymentPostprocessing = 0;
			shellPath = /bin/sh;
			shellScript = "\"${SRCROOT}/Pods/Target Support Files/Pods-SuperHomeDemo/Pods-SuperHomeDemo-resources.sh\"\n";
			showEnvVarsInLog = 0;
		};
		77FE98C22CA4ED267D0AE7F1 /* [CP] Check Pods Manifest.lock */ = {
			isa = PBXShellScriptBuildPhase;
			buildActionMask = 2147483647;
			files = (
			);
			inputPaths = (
				"${PODS_PODFILE_DIR_PATH}/Podfile.lock",
				"${PODS_ROOT}/Manifest.lock",
			);
			name = "[CP] Check Pods Manifest.lock";
			outputPaths = (
				"$(DERIVED_FILE_DIR)/Pods-SuperHomeDemo-checkManifestLockResult.txt",
			);
			runOnlyForDeploymentPostprocessing = 0;
			shellPath = /bin/sh;
			shellScript = "diff \"${PODS_PODFILE_DIR_PATH}/Podfile.lock\" \"${PODS_ROOT}/Manifest.lock\" > /dev/null\nif [ $? != 0 ] ; then\n    # print error to STDERR\n    echo \"error: The sandbox is not in sync with the Podfile.lock. Run 'pod install' or update your CocoaPods installation.\" >&2\n    exit 1\nfi\n# This output is used by Xcode 'outputs' to avoid re-running this script phase.\necho \"SUCCESS\" > \"${SCRIPT_OUTPUT_FILE_0}\"\n";
			showEnvVarsInLog = 0;
		};
/* End PBXShellScriptBuildPhase section */

/* Begin PBXSourcesBuildPhase section */
		09BC05CB204CD88800D36BB7 /* Sources */ = {
			isa = PBXSourcesBuildPhase;
			buildActionMask = 2147483647;
			files = (
				09D41ED5204D56C6009B1326 /* UIView+Extension.m in Sources */,
				09D41EDA204D56C6009B1326 /* LaunchView.m in Sources */,
				09D41ED4204D56C6009B1326 /* UILabel+LYZ.m in Sources */,
				09D41EDB204D56C6009B1326 /* customNaviController.m in Sources */,
				09BC05D7204CD88800D36BB7 /* ViewController.m in Sources */,
				09D41EE2204D56C6009B1326 /* tabbarButton.m in Sources */,
				09D41F0F204D5C33009B1326 /* GlobalTools.m in Sources */,
				09D41ED2204D56C6009B1326 /* UIColor+HXY.m in Sources */,
				09BC05E2204CD88800D36BB7 /* main.m in Sources */,
				09D41ED3204D56C6009B1326 /* UIImage+LYZ.m in Sources */,
				09D41ED8204D56C6009B1326 /* LanchModel.m in Sources */,
				09D41ED9204D56C6009B1326 /* LanchViewManger.m in Sources */,
				09D41EDC204D56C6009B1326 /* NewFeatureViewController.m in Sources */,
				09D41EE1204D56C6009B1326 /* tabbarBadgeButton.m in Sources */,
				09D41F17204D5C85009B1326 /* LoginViewController.m in Sources */,
				09D41ED0204D56C6009B1326 /* NSString+isoEncoding.m in Sources */,
				09D41F0C204D5A4B009B1326 /* FavoriteViewController.m in Sources */,
				09D41EDD204D56C6009B1326 /* RootViewController.m in Sources */,
				09D41ED7204D56C6009B1326 /* MBProgressHUD+NHAdd.m in Sources */,
				09D41F03204D5A22009B1326 /* HouseViewController.m in Sources */,
				09D41EDE204D56C6009B1326 /* customTabbar.m in Sources */,
				09D41EE9204D58E5009B1326 /* UIColor+HLY.m in Sources */,
				09D41ED1204D56C6009B1326 /* NSTimer+Addition.m in Sources */,
				09D41F09204D5A3D009B1326 /* WuYeViewController.m in Sources */,
				09BC05D4204CD88800D36BB7 /* AppDelegate.m in Sources */,
				09D41EDF204D56C6009B1326 /* PlusButton.m in Sources */,
				09D41F06204D5A30009B1326 /* ProfileViewController.m in Sources */,
				09D41EE0204D56C6009B1326 /* systemTabbar.m in Sources */,
				09D41ED6204D56C6009B1326 /* SetupTools.m in Sources */,
				09D41F00204D5A13009B1326 /* HomeViewController.m in Sources */,
			);
			runOnlyForDeploymentPostprocessing = 0;
		};
/* End PBXSourcesBuildPhase section */

/* Begin PBXVariantGroup section */
		09BC05D8204CD88800D36BB7 /* Main.storyboard */ = {
			isa = PBXVariantGroup;
			children = (
				09BC05D9204CD88800D36BB7 /* Base */,
			);
			name = Main.storyboard;
			sourceTree = "<group>";
		};
		09BC05DD204CD88800D36BB7 /* LaunchScreen.storyboard */ = {
			isa = PBXVariantGroup;
			children = (
				09BC05DE204CD88800D36BB7 /* Base */,
			);
			name = LaunchScreen.storyboard;
			sourceTree = "<group>";
		};
/* End PBXVariantGroup section */

/* Begin XCBuildConfiguration section */
		09BC05E3204CD88800D36BB7 /* Debug */ = {
			isa = XCBuildConfiguration;
			buildSettings = {
				ALWAYS_SEARCH_USER_PATHS = NO;
				CLANG_ANALYZER_NONNULL = YES;
				CLANG_ANALYZER_NUMBER_OBJECT_CONVERSION = YES_AGGRESSIVE;
				CLANG_CXX_LANGUAGE_STANDARD = "gnu++14";
				CLANG_CXX_LIBRARY = "libc++";
				CLANG_ENABLE_MODULES = YES;
				CLANG_ENABLE_OBJC_ARC = YES;
				CLANG_WARN_BLOCK_CAPTURE_AUTORELEASING = YES;
				CLANG_WARN_BOOL_CONVERSION = YES;
				CLANG_WARN_COMMA = YES;
				CLANG_WARN_CONSTANT_CONVERSION = YES;
				CLANG_WARN_DIRECT_OBJC_ISA_USAGE = YES_ERROR;
				CLANG_WARN_DOCUMENTATION_COMMENTS = YES;
				CLANG_WARN_EMPTY_BODY = YES;
				CLANG_WARN_ENUM_CONVERSION = YES;
				CLANG_WARN_INFINITE_RECURSION = YES;
				CLANG_WARN_INT_CONVERSION = YES;
				CLANG_WARN_NON_LITERAL_NULL_CONVERSION = YES;
				CLANG_WARN_OBJC_LITERAL_CONVERSION = YES;
				CLANG_WARN_OBJC_ROOT_CLASS = YES_ERROR;
				CLANG_WARN_RANGE_LOOP_ANALYSIS = YES;
				CLANG_WARN_STRICT_PROTOTYPES = YES;
				CLANG_WARN_SUSPICIOUS_MOVE = YES;
				CLANG_WARN_UNGUARDED_AVAILABILITY = YES_AGGRESSIVE;
				CLANG_WARN_UNREACHABLE_CODE = YES;
				CLANG_WARN__DUPLICATE_METHOD_MATCH = YES;
				CODE_SIGN_IDENTITY = "iPhone Developer";
				COPY_PHASE_STRIP = NO;
				DEBUG_INFORMATION_FORMAT = dwarf;
				ENABLE_STRICT_OBJC_MSGSEND = YES;
				ENABLE_TESTABILITY = YES;
				GCC_C_LANGUAGE_STANDARD = gnu11;
				GCC_DYNAMIC_NO_PIC = NO;
				GCC_NO_COMMON_BLOCKS = YES;
				GCC_OPTIMIZATION_LEVEL = 0;
				GCC_PREPROCESSOR_DEFINITIONS = (
					"DEBUG=1",
					"$(inherited)",
				);
				GCC_WARN_64_TO_32_BIT_CONVERSION = YES;
				GCC_WARN_ABOUT_RETURN_TYPE = YES_ERROR;
				GCC_WARN_UNDECLARED_SELECTOR = YES;
				GCC_WARN_UNINITIALIZED_AUTOS = YES_AGGRESSIVE;
				GCC_WARN_UNUSED_FUNCTION = YES;
				GCC_WARN_UNUSED_VARIABLE = YES;
				IPHONEOS_DEPLOYMENT_TARGET = 11.1;
				MTL_ENABLE_DEBUG_INFO = YES;
				ONLY_ACTIVE_ARCH = YES;
				SDKROOT = iphoneos;
			};
			name = Debug;
		};
		09BC05E4204CD88800D36BB7 /* Release */ = {
			isa = XCBuildConfiguration;
			buildSettings = {
				ALWAYS_SEARCH_USER_PATHS = NO;
				CLANG_ANALYZER_NONNULL = YES;
				CLANG_ANALYZER_NUMBER_OBJECT_CONVERSION = YES_AGGRESSIVE;
				CLANG_CXX_LANGUAGE_STANDARD = "gnu++14";
				CLANG_CXX_LIBRARY = "libc++";
				CLANG_ENABLE_MODULES = YES;
				CLANG_ENABLE_OBJC_ARC = YES;
				CLANG_WARN_BLOCK_CAPTURE_AUTORELEASING = YES;
				CLANG_WARN_BOOL_CONVERSION = YES;
				CLANG_WARN_COMMA = YES;
				CLANG_WARN_CONSTANT_CONVERSION = YES;
				CLANG_WARN_DIRECT_OBJC_ISA_USAGE = YES_ERROR;
				CLANG_WARN_DOCUMENTATION_COMMENTS = YES;
				CLANG_WARN_EMPTY_BODY = YES;
				CLANG_WARN_ENUM_CONVERSION = YES;
				CLANG_WARN_INFINITE_RECURSION = YES;
				CLANG_WARN_INT_CONVERSION = YES;
				CLANG_WARN_NON_LITERAL_NULL_CONVERSION = YES;
				CLANG_WARN_OBJC_LITERAL_CONVERSION = YES;
				CLANG_WARN_OBJC_ROOT_CLASS = YES_ERROR;
				CLANG_WARN_RANGE_LOOP_ANALYSIS = YES;
				CLANG_WARN_STRICT_PROTOTYPES = YES;
				CLANG_WARN_SUSPICIOUS_MOVE = YES;
				CLANG_WARN_UNGUARDED_AVAILABILITY = YES_AGGRESSIVE;
				CLANG_WARN_UNREACHABLE_CODE = YES;
				CLANG_WARN__DUPLICATE_METHOD_MATCH = YES;
				CODE_SIGN_IDENTITY = "iPhone Developer";
				COPY_PHASE_STRIP = NO;
				DEBUG_INFORMATION_FORMAT = "dwarf-with-dsym";
				ENABLE_NS_ASSERTIONS = NO;
				ENABLE_STRICT_OBJC_MSGSEND = YES;
				GCC_C_LANGUAGE_STANDARD = gnu11;
				GCC_NO_COMMON_BLOCKS = YES;
				GCC_WARN_64_TO_32_BIT_CONVERSION = YES;
				GCC_WARN_ABOUT_RETURN_TYPE = YES_ERROR;
				GCC_WARN_UNDECLARED_SELECTOR = YES;
				GCC_WARN_UNINITIALIZED_AUTOS = YES_AGGRESSIVE;
				GCC_WARN_UNUSED_FUNCTION = YES;
				GCC_WARN_UNUSED_VARIABLE = YES;
				IPHONEOS_DEPLOYMENT_TARGET = 11.1;
				MTL_ENABLE_DEBUG_INFO = NO;
				SDKROOT = iphoneos;
				VALIDATE_PRODUCT = YES;
			};
			name = Release;
		};
		09BC05E6204CD88800D36BB7 /* Debug */ = {
			isa = XCBuildConfiguration;
			baseConfigurationReference = E3763A605D7C73A5E4136AAF /* Pods-SuperHomeDemo.debug.xcconfig */;
			buildSettings = {
				ASSETCATALOG_COMPILER_APPICON_NAME = AppIcon;
				CODE_SIGN_STYLE = Automatic;
				GCC_PREFIX_HEADER = "$(SRCROOT)/SuperHomeDemo/SuperHome.pch";
				INFOPLIST_FILE = SuperHomeDemo/Info.plist;
				LD_RUNPATH_SEARCH_PATHS = "$(inherited) @executable_path/Frameworks";
				PRODUCT_BUNDLE_IDENTIFIER = com.feiqu.SuperHomeDemo;
				PRODUCT_NAME = "$(TARGET_NAME)";
				TARGETED_DEVICE_FAMILY = "1,2";
			};
			name = Debug;
		};
		09BC05E7204CD88800D36BB7 /* Release */ = {
			isa = XCBuildConfiguration;
			baseConfigurationReference = F81DAF996C5A574F06252790 /* Pods-SuperHomeDemo.release.xcconfig */;
			buildSettings = {
				ASSETCATALOG_COMPILER_APPICON_NAME = AppIcon;
				CODE_SIGN_STYLE = Automatic;
				GCC_PREFIX_HEADER = "$(SRCROOT)/SuperHomeDemo/SuperHome.pch";
				INFOPLIST_FILE = SuperHomeDemo/Info.plist;
				LD_RUNPATH_SEARCH_PATHS = "$(inherited) @executable_path/Frameworks";
				PRODUCT_BUNDLE_IDENTIFIER = com.feiqu.SuperHomeDemo;
				PRODUCT_NAME = "$(TARGET_NAME)";
				TARGETED_DEVICE_FAMILY = "1,2";
			};
			name = Release;
		};
/* End XCBuildConfiguration section */

/* Begin XCConfigurationList section */
		09BC05CA204CD88800D36BB7 /* Build configuration list for PBXProject "SuperHomeDemo" */ = {
			isa = XCConfigurationList;
			buildConfigurations = (
				09BC05E3204CD88800D36BB7 /* Debug */,
				09BC05E4204CD88800D36BB7 /* Release */,
			);
			defaultConfigurationIsVisible = 0;
			defaultConfigurationName = Release;
		};
		09BC05E5204CD88800D36BB7 /* Build configuration list for PBXNativeTarget "SuperHomeDemo" */ = {
			isa = XCConfigurationList;
			buildConfigurations = (
				09BC05E6204CD88800D36BB7 /* Debug */,
				09BC05E7204CD88800D36BB7 /* Release */,
			);
			defaultConfigurationIsVisible = 0;
			defaultConfigurationName = Release;
		};
/* End XCConfigurationList section */
	};
	rootObject = 09BC05C7204CD88800D36BB7 /* Project object */;
}
